
Microsoft Visual Studio Solution File, Format Version 12.00
# Visual Studio Version 17
VisualStudioVersion = 17.3.32929.385
MinimumVisualStudioVersion = 10.0.40219.1
Project("{FAE04EC0-301F-11D3-BF4B-00C04F79EFBC}") = "APICatalogo", "APICatalogo\APICatalogo.csproj", "{CE2007B0-48E6-425A-A3D8-C6AB1CAECE7F}"
EndProject
Global
	GlobalSection(SolutionConfigurationPlatforms) = preSolution
		Debug|Any CPU = Debug|Any CPU
		Release|Any CPU = Release|Any CPU
	EndGlobalSection
	GlobalSection(ProjectConfigurationPlatforms) = postSolution
		{CE2007B0-48E6-425A-A3D8-C6AB1CAECE7F}.Debug|Any CPU.ActiveCfg = Debug|Any CPU
		{CE2007B0-48E6-425A-A3D8-C6AB1CAECE7F}.Debug|Any CPU.Build.0 = Debug|Any CPU
		{CE2007B0-48E6-425A-A3D8-C6AB1CAECE7F}.Release|Any CPU.ActiveCfg = Release|Any CPU
		{CE2007B0-48E6-425A-A3D8-C6AB1CAECE7F}.Release|Any CPU.Build.0 = Release|Any CPU
	EndGlobalSection
	GlobalSection(SolutionProperties) = preSolution
		HideSolutionNode = FALSE
	EndGlobalSection
	GlobalSection(ExtensibilityGlobals) = postSolution
		SolutionGuid = {9402E6AE-E668-4D91-B20F-986397BF280F}
	EndGlobalSection
EndGlobal
